
Microsoft Visual Studio Solution File, Format Version 12.00
# Visual Studio Version 16
VisualStudioVersion = 16.0.30615.102
MinimumVisualStudioVersion = 10.0.40219.1
Project("{FAE04EC0-301F-11D3-BF4B-00C04F79EFBC}") = "Basic_ASP", "Basic_ASP\Basic_ASP.csproj", "{FBCA7796-6DC7-417A-B1EA-2053542D9538}"
EndProject
Global
	GlobalSection(SolutionConfigurationPlatforms) = preSolution
		Debug|Any CPU = Debug|Any CPU
		Release|Any CPU = Release|Any CPU
	EndGlobalSection
	GlobalSection(ProjectConfigurationPlatforms) = postSolution
		{FBCA7796-6DC7-417A-B1EA-2053542D9538}.Debug|Any CPU.ActiveCfg = Debug|Any CPU
		{FBCA7796-6DC7-417A-B1EA-2053542D9538}.Debug|Any CPU.Build.0 = Debug|Any CPU
		{FBCA7796-6DC7-417A-B1EA-2053542D9538}.Release|Any CPU.ActiveCfg = Release|Any CPU
		{FBCA7796-6DC7-417A-B1EA-2053542D9538}.Release|Any CPU.Build.0 = Release|Any CPU
	EndGlobalSection
	GlobalSection(SolutionProperties) = preSolution
		HideSolutionNode = FALSE
	EndGlobalSection
	GlobalSection(ExtensibilityGlobals) = postSolution
		SolutionGuid = {18E92178-EF56-424F-8A4A-C9DF0A02DF6C}
	EndGlobalSection
EndGlobal
